version = 1
revision = 3
requires-python = ">=3.14"

[manifest]
members = [
    "hello-world",
    "web-apps-vulnarabilities-py",
]

[[package]]
name = "hello-world"
version = "0.1.0"
source = { editable = "hello-world" }

[[package]]
name = "web-apps-vulnarabilities-py"
version = "0.1.0"
source = { virtual = "." }
